
Microsoft Visual Studio Solution File, Format Version 12.00
# Visual Studio Version 16
VisualStudioVersion = 16.0.31005.135
MinimumVisualStudioVersion = 10.0.40219.1
Project("{FAE04EC0-301F-11D3-BF4B-00C04F79EFBC}") = "Prog2_Abgabe1406_AnnavB", "Prog2_Abgabe1406_AnnavB.csproj", "{F66E3A94-8B84-4B41-8D9F-E811F0488665}"
EndProject
Global
	GlobalSection(SolutionConfigurationPlatforms) = preSolution
		Debug|Any CPU = Debug|Any CPU
		Release|Any CPU = Release|Any CPU
	EndGlobalSection
	GlobalSection(ProjectConfigurationPlatforms) = postSolution
		{F66E3A94-8B84-4B41-8D9F-E811F0488665}.Debug|Any CPU.ActiveCfg = Debug|Any CPU
		{F66E3A94-8B84-4B41-8D9F-E811F0488665}.Debug|Any CPU.Build.0 = Debug|Any CPU
		{F66E3A94-8B84-4B41-8D9F-E811F0488665}.Release|Any CPU.ActiveCfg = Release|Any CPU
		{F66E3A94-8B84-4B41-8D9F-E811F0488665}.Release|Any CPU.Build.0 = Release|Any CPU
	EndGlobalSection
	GlobalSection(SolutionProperties) = preSolution
		HideSolutionNode = FALSE
	EndGlobalSection
	GlobalSection(ExtensibilityGlobals) = postSolution
		SolutionGuid = {37879440-B587-42A1-A2DA-0A80DCF9BE30}
	EndGlobalSection
EndGlobal
